
Microsoft Visual Studio Solution File, Format Version 12.00
# Visual Studio 2013
VisualStudioVersion = 12.0.40629.0
MinimumVisualStudioVersion = 10.0.40219.1
Project("{FAE04EC0-301F-11D3-BF4B-00C04F79EFBC}") = "WatchStore.DataAccess", "WatchStore.DataAccess\WatchStore.DataAccess.csproj", "{4FA71D7D-C0B5-48FF-A6C4-24600F4346E4}"
EndProject
Project("{FAE04EC0-301F-11D3-BF4B-00C04F79EFBC}") = "WatchStoreWeb", "WatchStoreWeb\WatchStoreWeb.csproj", "{FE2295B8-96A9-4EB7-A09F-C9D05A3E7451}"
EndProject
Project("{FAE04EC0-301F-11D3-BF4B-00C04F79EFBC}") = "WatchStore.BusinessLogic", "WatchStore.BusinessLogic\WatchStore.BusinessLogic.csproj", "{BF17312D-3ABE-438F-AE9A-7F028AC5E4D7}"
EndProject
Global
	GlobalSection(SolutionConfigurationPlatforms) = preSolution
		Debug|Any CPU = Debug|Any CPU
		Release|Any CPU = Release|Any CPU
	EndGlobalSection
	GlobalSection(ProjectConfigurationPlatforms) = postSolution
		{4FA71D7D-C0B5-48FF-A6C4-24600F4346E4}.Debug|Any CPU.ActiveCfg = Debug|Any CPU
		{4FA71D7D-C0B5-48FF-A6C4-24600F4346E4}.Debug|Any CPU.Build.0 = Debug|Any CPU
		{4FA71D7D-C0B5-48FF-A6C4-24600F4346E4}.Release|Any CPU.ActiveCfg = Release|Any CPU
		{4FA71D7D-C0B5-48FF-A6C4-24600F4346E4}.Release|Any CPU.Build.0 = Release|Any CPU
		{FE2295B8-96A9-4EB7-A09F-C9D05A3E7451}.Debug|Any CPU.ActiveCfg = Debug|Any CPU
		{FE2295B8-96A9-4EB7-A09F-C9D05A3E7451}.Debug|Any CPU.Build.0 = Debug|Any CPU
		{FE2295B8-96A9-4EB7-A09F-C9D05A3E7451}.Release|Any CPU.ActiveCfg = Release|Any CPU
		{FE2295B8-96A9-4EB7-A09F-C9D05A3E7451}.Release|Any CPU.Build.0 = Release|Any CPU
		{BF17312D-3ABE-438F-AE9A-7F028AC5E4D7}.Debug|Any CPU.ActiveCfg = Debug|Any CPU
		{BF17312D-3ABE-438F-AE9A-7F028AC5E4D7}.Debug|Any CPU.Build.0 = Debug|Any CPU
		{BF17312D-3ABE-438F-AE9A-7F028AC5E4D7}.Release|Any CPU.ActiveCfg = Release|Any CPU
		{BF17312D-3ABE-438F-AE9A-7F028AC5E4D7}.Release|Any CPU.Build.0 = Release|Any CPU
	EndGlobalSection
	GlobalSection(SolutionProperties) = preSolution
		HideSolutionNode = FALSE
	EndGlobalSection
EndGlobal
